
Microsoft Visual Studio Solution File, Format Version 12.00
# Visual Studio Version 17
VisualStudioVersion = 17.2.32630.192
MinimumVisualStudioVersion = 10.0.40219.1
Project("{9A19103F-16F7-4668-BE54-9A1E7A4F7556}") = "Employees.Models", "Employees.Models\Employees.Models.csproj", "{C272A224-13D5-4C3B-91E8-34FD1C231C04}"
EndProject
Project("{9A19103F-16F7-4668-BE54-9A1E7A4F7556}") = "EmployeeManagement.Web", "EmployeeManagement.Web\EmployeeManagement.Web.csproj", "{198DB28B-ED57-491D-9125-B31425C9F85F}"
EndProject
Project("{9A19103F-16F7-4668-BE54-9A1E7A4F7556}") = "EmployeeManagement.Api", "EmployeeManagement.Api\EmployeeManagement.Api.csproj", "{90E17228-4B47-464F-A1FD-D51445002A09}"
	ProjectSection(ProjectDependencies) = postProject
		{198DB28B-ED57-491D-9125-B31425C9F85F} = {198DB28B-ED57-491D-9125-B31425C9F85F}
	EndProjectSection
EndProject
Global
	GlobalSection(SolutionConfigurationPlatforms) = preSolution
		Debug|Any CPU = Debug|Any CPU
		Release|Any CPU = Release|Any CPU
	EndGlobalSection
	GlobalSection(ProjectConfigurationPlatforms) = postSolution
		{C272A224-13D5-4C3B-91E8-34FD1C231C04}.Debug|Any CPU.ActiveCfg = Debug|Any CPU
		{C272A224-13D5-4C3B-91E8-34FD1C231C04}.Debug|Any CPU.Build.0 = Debug|Any CPU
		{C272A224-13D5-4C3B-91E8-34FD1C231C04}.Release|Any CPU.ActiveCfg = Release|Any CPU
		{C272A224-13D5-4C3B-91E8-34FD1C231C04}.Release|Any CPU.Build.0 = Release|Any CPU
		{198DB28B-ED57-491D-9125-B31425C9F85F}.Debug|Any CPU.ActiveCfg = Debug|Any CPU
		{198DB28B-ED57-491D-9125-B31425C9F85F}.Debug|Any CPU.Build.0 = Debug|Any CPU
		{198DB28B-ED57-491D-9125-B31425C9F85F}.Release|Any CPU.ActiveCfg = Release|Any CPU
		{198DB28B-ED57-491D-9125-B31425C9F85F}.Release|Any CPU.Build.0 = Release|Any CPU
		{90E17228-4B47-464F-A1FD-D51445002A09}.Debug|Any CPU.ActiveCfg = Debug|Any CPU
		{90E17228-4B47-464F-A1FD-D51445002A09}.Debug|Any CPU.Build.0 = Debug|Any CPU
		{90E17228-4B47-464F-A1FD-D51445002A09}.Release|Any CPU.ActiveCfg = Release|Any CPU
		{90E17228-4B47-464F-A1FD-D51445002A09}.Release|Any CPU.Build.0 = Release|Any CPU
	EndGlobalSection
	GlobalSection(SolutionProperties) = preSolution
		HideSolutionNode = FALSE
	EndGlobalSection
	GlobalSection(ExtensibilityGlobals) = postSolution
		SolutionGuid = {AA34E047-6421-4972-BBBC-13AA20E2C1C1}
	EndGlobalSection
EndGlobal
